PODS:
  - FTS3HTMLTokenizer (2.1.0)
  - Operations (3.1.0):
    - Operations/Standard (= 3.1.0)
  - Operations/Standard (3.1.0)
  - SQLite.swift (0.10.1)
  - SSZipArchive (1.5)
  - SVProgressHUD (2.0.3)
  - Swiftification (5.9.0)

DEPENDENCIES:
  - FTS3HTMLTokenizer (~> 2.0)
  - Operations
  - SQLite.swift
  - SSZipArchive
  - SVProgressHUD
  - Swiftification

SPEC CHECKSUMS:
  FTS3HTMLTokenizer: f92cd01959d6b4dc00de0b81c46d6b4d3758fd3e
  Operations: d09dbb1c32ce01061ebbb022c8a955b34fd9ec35
  SQLite.swift: 6a6e4b034efc317ce4e203b6af2d3024fee2b570
  SSZipArchive: 29daace2bccb90a47de2837744da397728ff9207
  SVProgressHUD: b0830714205bea1317ea1a2ebc71e5633af334d4
  Swiftification: 3a4ccfca418db7ce71861b7f0731fcc402952c30

PODFILE CHECKSUM: 5089948bc9465ade706fffde7f2dcbb0f30d94cb

COCOAPODS: 1.0.1
